
Microsoft Visual Studio Solution File, Format Version 12.00
# Visual Studio Version 16
VisualStudioVersion = 16.0.30717.126
MinimumVisualStudioVersion = 10.0.40219.1
Project("{FAE04EC0-301F-11D3-BF4B-00C04F79EFBC}") = "KifuwarabeShogiBoard", "KifuwarabeShogiBoard\KifuwarabeShogiBoard.csproj", "{DED57387-5A36-4A29-998A-6AC227121374}"
EndProject
Global
	GlobalSection(SolutionConfigurationPlatforms) = preSolution
		Debug|Any CPU = Debug|Any CPU
		Release|Any CPU = Release|Any CPU
	EndGlobalSection
	GlobalSection(ProjectConfigurationPlatforms) = postSolution
		{DED57387-5A36-4A29-998A-6AC227121374}.Debug|Any CPU.ActiveCfg = Debug|Any CPU
		{DED57387-5A36-4A29-998A-6AC227121374}.Debug|Any CPU.Build.0 = Debug|Any CPU
		{DED57387-5A36-4A29-998A-6AC227121374}.Release|Any CPU.ActiveCfg = Release|Any CPU
		{DED57387-5A36-4A29-998A-6AC227121374}.Release|Any CPU.Build.0 = Release|Any CPU
	EndGlobalSection
	GlobalSection(SolutionProperties) = preSolution
		HideSolutionNode = FALSE
	EndGlobalSection
	GlobalSection(ExtensibilityGlobals) = postSolution
		SolutionGuid = {ADB61E97-5104-4729-B1DB-D3F9F27D7D44}
	EndGlobalSection
EndGlobal
